
Microsoft Visual Studio Solution File, Format Version 12.00
# Visual Studio Version 17
VisualStudioVersion = 17.14.36429.23
MinimumVisualStudioVersion = 10.0.40219.1
Project("{2150E333-8FDC-42A3-9474-1A3956D46DE8}") = "Task0", "Task0", "{02EA681E-C7D8-13C7-8484-4AC65E1B71E8}"
EndProject
Project("{FAE04EC0-301F-11D3-BF4B-00C04F79EFBC}") = "Tyuiu.BerezovskiyAS.Sprint0.Task0.V0", "Tyuiu.BerezovskiyAS.Sprint0.Task0.V0\Tyuiu.BerezovskiyAS.Sprint0.Task0.V0.csproj", "{4961A42A-02E8-4849-93F1-0F130A24DF2C}"
EndProject
Project("{2150E333-8FDC-42A3-9474-1A3956D46DE8}") = "Task1", "Task1", "{FF0D7C95-B994-4F36-8DC0-A8CC1E1B73A9}"
EndProject
Project("{FAE04EC0-301F-11D3-BF4B-00C04F79EFBC}") = "Tyuiu.BerezovskiyAS.Sprint0.Task1.V0", "Tyuiu.BerezovskiyAS.Sprint0.Task1.V0\Tyuiu.BerezovskiyAS.Sprint0.Task1.V0.csproj", "{4FA105B2-8A3A-4F23-9DDA-4779E7D29326}"
EndProject
Project("{2150E333-8FDC-42A3-9474-1A3956D46DE8}") = "Task2", "Task2", "{A875433C-DC4D-4737-9CA8-52B33AFCF446}"
EndProject
Project("{FAE04EC0-301F-11D3-BF4B-00C04F79EFBC}") = "Tyuiu.BerezovskiyAS.Sprint0.Task2.V0", "Tyuiu.BerezovskiyAS.Sprint0.Task2.V0\Tyuiu.BerezovskiyAS.Sprint0.Task2.V0.csproj", "{8DAE1FDD-8BF0-4373-B861-E201AFA37855}"
EndProject
Project("{FAE04EC0-301F-11D3-BF4B-00C04F79EFBC}") = "Tyuiu.BerezovskiyAS.Sprint0.Task2.V0.Lib", "Tyuiu.BerezovskiyAS.Sprint0.Task2.V0.Lib\Tyuiu.BerezovskiyAS.Sprint0.Task2.V0.Lib.csproj", "{315C70A9-3CD1-42EC-810D-3914123BAD6B}"
EndProject
Project("{FAE04EC0-301F-11D3-BF4B-00C04F79EFBC}") = "Tyuiu.BerezovskiyAS.Sprint0.Task2.V0.Test", "Tyuiu.BerezovskiyAS.Sprint0.Task2.V0.Test\Tyuiu.BerezovskiyAS.Sprint0.Task2.V0.Test.csproj", "{268D35A8-4BC0-415B-9DC5-1FCBBEDBB1D6}"
EndProject
Project("{2150E333-8FDC-42A3-9474-1A3956D46DE8}") = "Task3", "Task3", "{DCC96C8D-EACB-4217-BA0D-E29F50E247A8}"
EndProject
Project("{FAE04EC0-301F-11D3-BF4B-00C04F79EFBC}") = "Tyuiu.BerezovskiyAS.Sprint0.Task3.V0", "Tyuiu.BerezovskiyAS.Sprint0.Task3.V0\Tyuiu.BerezovskiyAS.Sprint0.Task3.V0.csproj", "{F02FBC5D-7B28-4082-B0E8-200A4D9573A1}"
EndProject
Project("{FAE04EC0-301F-11D3-BF4B-00C04F79EFBC}") = "Tyuiu.BerezovskiyAS.Sprint0.Task3.V0.Lib", "Tyuiu.BerezovskiyAS.Sprint0.Task3.V0.Lib\Tyuiu.BerezovskiyAS.Sprint0.Task3.V0.Lib.csproj", "{8D8F4967-0EEC-458F-894F-9FFA0D64EAE0}"
EndProject
Project("{FAE04EC0-301F-11D3-BF4B-00C04F79EFBC}") = "Tyuiu.BerezovskiyAS.Sprint0.Task3.V0.Test", "Tyuiu.BerezovskiyAS.Sprint0.Task3.V0.Test\Tyuiu.BerezovskiyAS.Sprint0.Task3.V0.Test.csproj", "{7C79125B-676D-464A-B8BA-93D48459C3DB}"
EndProject
Project("{2150E333-8FDC-42A3-9474-1A3956D46DE8}") = "Task4", "Task4", "{79E7EB04-D55B-4719-9281-3DB7E96B7C36}"
EndProject
Project("{FAE04EC0-301F-11D3-BF4B-00C04F79EFBC}") = "Tyuiu.BerezovskiyAS.Sprint0.Task4.V0", "Tyuiu.BerezovskiyAS.Sprint0.Task4.V0\Tyuiu.BerezovskiyAS.Sprint0.Task4.V0.csproj", "{1847721A-BC45-423C-A117-304E24FE0AAC}"
EndProject
Project("{FAE04EC0-301F-11D3-BF4B-00C04F79EFBC}") = "Tyuiu.BerezovskiyAS.Sprint0.Task4.V0.Lib", "Tyuiu.BerezovskiyAS.Sprint0.Task4.V0.Lib\Tyuiu.BerezovskiyAS.Sprint0.Task4.V0.Lib.csproj", "{6E9DA7F2-7C4B-430B-B1D3-C8EBA1117147}"
EndProject
Project("{FAE04EC0-301F-11D3-BF4B-00C04F79EFBC}") = "Tyuiu.BerezovskiyAS.Sprint0.Task4.V0.Test", "Tyuiu.BerezovskiyAS.Sprint0.Task4.V0.Test\Tyuiu.BerezovskiyAS.Sprint0.Task4.V0.Test.csproj", "{D2FE629F-76D8-4C13-B2B4-9FEE307A9343}"
EndProject
Global
	GlobalSection(SolutionConfigurationPlatforms) = preSolution
		Debug|Any CPU = Debug|Any CPU
		Release|Any CPU = Release|Any CPU
	EndGlobalSection
	GlobalSection(ProjectConfigurationPlatforms) = postSolution
		{4961A42A-02E8-4849-93F1-0F130A24DF2C}.Debug|Any CPU.ActiveCfg = Debug|Any CPU
		{4961A42A-02E8-4849-93F1-0F130A24DF2C}.Debug|Any CPU.Build.0 = Debug|Any CPU
		{4961A42A-02E8-4849-93F1-0F130A24DF2C}.Release|Any CPU.ActiveCfg = Release|Any CPU
		{4961A42A-02E8-4849-93F1-0F130A24DF2C}.Release|Any CPU.Build.0 = Release|Any CPU
		{4FA105B2-8A3A-4F23-9DDA-4779E7D29326}.Debug|Any CPU.ActiveCfg = Debug|Any CPU
		{4FA105B2-8A3A-4F23-9DDA-4779E7D29326}.Debug|Any CPU.Build.0 = Debug|Any CPU
		{4FA105B2-8A3A-4F23-9DDA-4779E7D29326}.Release|Any CPU.ActiveCfg = Release|Any CPU
		{4FA105B2-8A3A-4F23-9DDA-4779E7D29326}.Release|Any CPU.Build.0 = Release|Any CPU
		{8DAE1FDD-8BF0-4373-B861-E201AFA37855}.Debug|Any CPU.ActiveCfg = Debug|Any CPU
		{8DAE1FDD-8BF0-4373-B861-E201AFA37855}.Debug|Any CPU.Build.0 = Debug|Any CPU
		{8DAE1FDD-8BF0-4373-B861-E201AFA37855}.Release|Any CPU.ActiveCfg = Release|Any CPU
		{8DAE1FDD-8BF0-4373-B861-E201AFA37855}.Release|Any CPU.Build.0 = Release|Any CPU
		{315C70A9-3CD1-42EC-810D-3914123BAD6B}.Debug|Any CPU.ActiveCfg = Debug|Any CPU
		{315C70A9-3CD1-42EC-810D-3914123BAD6B}.Debug|Any CPU.Build.0 = Debug|Any CPU
		{315C70A9-3CD1-42EC-810D-3914123BAD6B}.Release|Any CPU.ActiveCfg = Release|Any CPU
		{315C70A9-3CD1-42EC-810D-3914123BAD6B}.Release|Any CPU.Build.0 = Release|Any CPU
		{268D35A8-4BC0-415B-9DC5-1FCBBEDBB1D6}.Debug|Any CPU.ActiveCfg = Debug|Any CPU
		{268D35A8-4BC0-415B-9DC5-1FCBBEDBB1D6}.Debug|Any CPU.Build.0 = Debug|Any CPU
		{268D35A8-4BC0-415B-9DC5-1FCBBEDBB1D6}.Release|Any CPU.ActiveCfg = Release|Any CPU
		{268D35A8-4BC0-415B-9DC5-1FCBBEDBB1D6}.Release|Any CPU.Build.0 = Release|Any CPU
		{F02FBC5D-7B28-4082-B0E8-200A4D9573A1}.Debug|Any CPU.ActiveCfg = Debug|Any CPU
		{F02FBC5D-7B28-4082-B0E8-200A4D9573A1}.Debug|Any CPU.Build.0 = Debug|Any CPU
		{F02FBC5D-7B28-4082-B0E8-200A4D9573A1}.Release|Any CPU.ActiveCfg = Release|Any CPU
		{F02FBC5D-7B28-4082-B0E8-200A4D9573A1}.Release|Any CPU.Build.0 = Release|Any CPU
		{8D8F4967-0EEC-458F-894F-9FFA0D64EAE0}.Debug|Any CPU.ActiveCfg = Debug|Any CPU
		{8D8F4967-0EEC-458F-894F-9FFA0D64EAE0}.Debug|Any CPU.Build.0 = Debug|Any CPU
		{8D8F4967-0EEC-458F-894F-9FFA0D64EAE0}.Release|Any CPU.ActiveCfg = Release|Any CPU
		{8D8F4967-0EEC-458F-894F-9FFA0D64EAE0}.Release|Any CPU.Build.0 = Release|Any CPU
		{7C79125B-676D-464A-B8BA-93D48459C3DB}.Debug|Any CPU.ActiveCfg = Debug|Any CPU
		{7C79125B-676D-464A-B8BA-93D48459C3DB}.Debug|Any CPU.Build.0 = Debug|Any CPU
		{7C79125B-676D-464A-B8BA-93D48459C3DB}.Release|Any CPU.ActiveCfg = Release|Any CPU
		{7C79125B-676D-464A-B8BA-93D48459C3DB}.Release|Any CPU.Build.0 = Release|Any CPU
		{1847721A-BC45-423C-A117-304E24FE0AAC}.Debug|Any CPU.ActiveCfg = Debug|Any CPU
		{1847721A-BC45-423C-A117-304E24FE0AAC}.Debug|Any CPU.Build.0 = Debug|Any CPU
		{1847721A-BC45-423C-A117-304E24FE0AAC}.Release|Any CPU.ActiveCfg = Release|Any CPU
		{1847721A-BC45-423C-A117-304E24FE0AAC}.Release|Any CPU.Build.0 = Release|Any CPU
		{6E9DA7F2-7C4B-430B-B1D3-C8EBA1117147}.Debug|Any CPU.ActiveCfg = Debug|Any CPU
		{6E9DA7F2-7C4B-430B-B1D3-C8EBA1117147}.Debug|Any CPU.Build.0 = Debug|Any CPU
		{6E9DA7F2-7C4B-430B-B1D3-C8EBA1117147}.Release|Any CPU.ActiveCfg = Release|Any CPU
		{6E9DA7F2-7C4B-430B-B1D3-C8EBA1117147}.Release|Any CPU.Build.0 = Release|Any CPU
		{D2FE629F-76D8-4C13-B2B4-9FEE307A9343}.Debug|Any CPU.ActiveCfg = Debug|Any CPU
		{D2FE629F-76D8-4C13-B2B4-9FEE307A9343}.Debug|Any CPU.Build.0 = Debug|Any CPU
		{D2FE629F-76D8-4C13-B2B4-9FEE307A9343}.Release|Any CPU.ActiveCfg = Release|Any CPU
		{D2FE629F-76D8-4C13-B2B4-9FEE307A9343}.Release|Any CPU.Build.0 = Release|Any CPU
	EndGlobalSection
	GlobalSection(SolutionProperties) = preSolution
		HideSolutionNode = FALSE
	EndGlobalSection
	GlobalSection(NestedProjects) = preSolution
		{4961A42A-02E8-4849-93F1-0F130A24DF2C} = {02EA681E-C7D8-13C7-8484-4AC65E1B71E8}
		{4FA105B2-8A3A-4F23-9DDA-4779E7D29326} = {FF0D7C95-B994-4F36-8DC0-A8CC1E1B73A9}
		{8DAE1FDD-8BF0-4373-B861-E201AFA37855} = {A875433C-DC4D-4737-9CA8-52B33AFCF446}
		{315C70A9-3CD1-42EC-810D-3914123BAD6B} = {A875433C-DC4D-4737-9CA8-52B33AFCF446}
		{268D35A8-4BC0-415B-9DC5-1FCBBEDBB1D6} = {A875433C-DC4D-4737-9CA8-52B33AFCF446}
		{F02FBC5D-7B28-4082-B0E8-200A4D9573A1} = {DCC96C8D-EACB-4217-BA0D-E29F50E247A8}
		{8D8F4967-0EEC-458F-894F-9FFA0D64EAE0} = {DCC96C8D-EACB-4217-BA0D-E29F50E247A8}
		{7C79125B-676D-464A-B8BA-93D48459C3DB} = {DCC96C8D-EACB-4217-BA0D-E29F50E247A8}
		{1847721A-BC45-423C-A117-304E24FE0AAC} = {79E7EB04-D55B-4719-9281-3DB7E96B7C36}
		{6E9DA7F2-7C4B-430B-B1D3-C8EBA1117147} = {79E7EB04-D55B-4719-9281-3DB7E96B7C36}
		{D2FE629F-76D8-4C13-B2B4-9FEE307A9343} = {79E7EB04-D55B-4719-9281-3DB7E96B7C36}
	EndGlobalSection
	GlobalSection(ExtensibilityGlobals) = postSolution
		SolutionGuid = {091205DA-B4F5-4015-8FC7-FAC62982D02F}
	EndGlobalSection
EndGlobal
